
Microsoft Visual Studio Solution File, Format Version 12.00
# Visual Studio Version 17
VisualStudioVersion = 17.4.33205.214
MinimumVisualStudioVersion = 10.0.40219.1
Project("{FAE04EC0-301F-11D3-BF4B-00C04F79EFBC}") = "Login_WPF", "Login_WPF\Login_WPF.csproj", "{7987BB04-76A7-49CA-B575-82950FC41E6C}"
EndProject
Global
	GlobalSection(SolutionConfigurationPlatforms) = preSolution
		Debug|Any CPU = Debug|Any CPU
		Release|Any CPU = Release|Any CPU
	EndGlobalSection
	GlobalSection(ProjectConfigurationPlatforms) = postSolution
		{7987BB04-76A7-49CA-B575-82950FC41E6C}.Debug|Any CPU.ActiveCfg = Debug|Any CPU
		{7987BB04-76A7-49CA-B575-82950FC41E6C}.Debug|Any CPU.Build.0 = Debug|Any CPU
		{7987BB04-76A7-49CA-B575-82950FC41E6C}.Release|Any CPU.ActiveCfg = Release|Any CPU
		{7987BB04-76A7-49CA-B575-82950FC41E6C}.Release|Any CPU.Build.0 = Release|Any CPU
	EndGlobalSection
	GlobalSection(SolutionProperties) = preSolution
		HideSolutionNode = FALSE
	EndGlobalSection
	GlobalSection(ExtensibilityGlobals) = postSolution
		SolutionGuid = {6F6ED209-45E1-46F3-9EAA-A55D616D2846}
	EndGlobalSection
EndGlobal
